
Microsoft Visual Studio Solution File, Format Version 12.00
# Visual Studio Version 17
VisualStudioVersion = 17.10.35027.167
MinimumVisualStudioVersion = 10.0.40219.1
Project("{FAE04EC0-301F-11D3-BF4B-00C04F79EFBC}") = "emp_manegement", "emp_manegement.csproj", "{B0EE935E-13BD-4CD5-B32A-7291AD7077AB}"
EndProject
Global
	GlobalSection(SolutionConfigurationPlatforms) = preSolution
		Debug|Any CPU = Debug|Any CPU
		Release|Any CPU = Release|Any CPU
	EndGlobalSection
	GlobalSection(ProjectConfigurationPlatforms) = postSolution
		{B0EE935E-13BD-4CD5-B32A-7291AD7077AB}.Debug|Any CPU.ActiveCfg = Debug|Any CPU
		{B0EE935E-13BD-4CD5-B32A-7291AD7077AB}.Debug|Any CPU.Build.0 = Debug|Any CPU
		{B0EE935E-13BD-4CD5-B32A-7291AD7077AB}.Release|Any CPU.ActiveCfg = Release|Any CPU
		{B0EE935E-13BD-4CD5-B32A-7291AD7077AB}.Release|Any CPU.Build.0 = Release|Any CPU
	EndGlobalSection
	GlobalSection(SolutionProperties) = preSolution
		HideSolutionNode = FALSE
	EndGlobalSection
	GlobalSection(ExtensibilityGlobals) = postSolution
		SolutionGuid = {52A70C62-55B4-4BEC-9412-24E9533E1B4A}
	EndGlobalSection
EndGlobal
